
Microsoft Visual Studio Solution File, Format Version 12.00
# Visual Studio 15
VisualStudioVersion = 15.0.26730.15
MinimumVisualStudioVersion = 10.0.40219.1
Project("{FAE04EC0-301F-11D3-BF4B-00C04F79EFBC}") = "MALAPI", "MALAPI\MALAPI.csproj", "{F351C284-DE07-4518-8091-2A6BDA9FD299}"
EndProject
Global
	GlobalSection(SolutionConfigurationPlatforms) = preSolution
		Debug|Any CPU = Debug|Any CPU
		Release|Any CPU = Release|Any CPU
	EndGlobalSection
	GlobalSection(ProjectConfigurationPlatforms) = postSolution
		{F351C284-DE07-4518-8091-2A6BDA9FD299}.Debug|Any CPU.ActiveCfg = Debug|Any CPU
		{F351C284-DE07-4518-8091-2A6BDA9FD299}.Debug|Any CPU.Build.0 = Debug|Any CPU
		{F351C284-DE07-4518-8091-2A6BDA9FD299}.Release|Any CPU.ActiveCfg = Release|Any CPU
		{F351C284-DE07-4518-8091-2A6BDA9FD299}.Release|Any CPU.Build.0 = Release|Any CPU
	EndGlobalSection
	GlobalSection(SolutionProperties) = preSolution
		HideSolutionNode = FALSE
	EndGlobalSection
	GlobalSection(ExtensibilityGlobals) = postSolution
		SolutionGuid = {F2EF02D9-23CC-4EF3-8BF8-60C9DAA16B39}
	EndGlobalSection
EndGlobal
